
Microsoft Visual Studio Solution File, Format Version 12.00
# Visual Studio 2012
Project("{FAE04EC0-301F-11D3-BF4B-00C04F79EFBC}") = "Calculator", "Calculator\Calculator.csproj", "{50EFD39C-B05B-4903-BCD7-0DA4219DC693}"
EndProject
Project("{FAE04EC0-301F-11D3-BF4B-00C04F79EFBC}") = "UserInput", "UserInput\UserInput.csproj", "{47758EA5-02EB-4635-A490-4C7FC6F940A3}"
EndProject
Project("{FAE04EC0-301F-11D3-BF4B-00C04F79EFBC}") = "About", "About\About.csproj", "{7CE21965-80DE-4186-A1FA-A0E67AF9CE6F}"
EndProject
Project("{FAE04EC0-301F-11D3-BF4B-00C04F79EFBC}") = "Colors", "Colors\Colors.csproj", "{910B34C4-DC07-49E2-BE00-361E68374E79}"
EndProject
Project("{FAE04EC0-301F-11D3-BF4B-00C04F79EFBC}") = "Calculations", "Calculations\Calculations.csproj", "{BAF108FA-178A-4AC4-A3F8-1E1B225A36C3}"
EndProject
Global
	GlobalSection(SolutionConfigurationPlatforms) = preSolution
		Debug|x86 = Debug|x86
		Release|x86 = Release|x86
	EndGlobalSection
	GlobalSection(ProjectConfigurationPlatforms) = postSolution
		{47758EA5-02EB-4635-A490-4C7FC6F940A3}.Debug|x86.ActiveCfg = Debug|Any CPU
		{47758EA5-02EB-4635-A490-4C7FC6F940A3}.Debug|x86.Build.0 = Debug|Any CPU
		{47758EA5-02EB-4635-A490-4C7FC6F940A3}.Release|x86.ActiveCfg = Release|Any CPU
		{47758EA5-02EB-4635-A490-4C7FC6F940A3}.Release|x86.Build.0 = Release|Any CPU
		{50EFD39C-B05B-4903-BCD7-0DA4219DC693}.Debug|x86.ActiveCfg = Debug|x86
		{50EFD39C-B05B-4903-BCD7-0DA4219DC693}.Debug|x86.Build.0 = Debug|x86
		{50EFD39C-B05B-4903-BCD7-0DA4219DC693}.Release|x86.ActiveCfg = Release|x86
		{50EFD39C-B05B-4903-BCD7-0DA4219DC693}.Release|x86.Build.0 = Release|x86
		{7CE21965-80DE-4186-A1FA-A0E67AF9CE6F}.Debug|x86.ActiveCfg = Debug|Any CPU
		{7CE21965-80DE-4186-A1FA-A0E67AF9CE6F}.Debug|x86.Build.0 = Debug|Any CPU
		{7CE21965-80DE-4186-A1FA-A0E67AF9CE6F}.Release|x86.ActiveCfg = Release|Any CPU
		{7CE21965-80DE-4186-A1FA-A0E67AF9CE6F}.Release|x86.Build.0 = Release|Any CPU
		{910B34C4-DC07-49E2-BE00-361E68374E79}.Debug|x86.ActiveCfg = Debug|Any CPU
		{910B34C4-DC07-49E2-BE00-361E68374E79}.Debug|x86.Build.0 = Debug|Any CPU
		{910B34C4-DC07-49E2-BE00-361E68374E79}.Release|x86.ActiveCfg = Release|Any CPU
		{910B34C4-DC07-49E2-BE00-361E68374E79}.Release|x86.Build.0 = Release|Any CPU
		{BAF108FA-178A-4AC4-A3F8-1E1B225A36C3}.Debug|x86.ActiveCfg = Debug|Any CPU
		{BAF108FA-178A-4AC4-A3F8-1E1B225A36C3}.Debug|x86.Build.0 = Debug|Any CPU
		{BAF108FA-178A-4AC4-A3F8-1E1B225A36C3}.Release|x86.ActiveCfg = Release|Any CPU
		{BAF108FA-178A-4AC4-A3F8-1E1B225A36C3}.Release|x86.Build.0 = Release|Any CPU
	EndGlobalSection
EndGlobal
